{
  "name": "if4061-moview",
  "version": "1.0.0",
  "lockfileVersion": 3,
  "requires": true,
  "packages": {
    "": {
      "name": "if4061-moview",
      "version": "1.0.0",
      "license": "ISC",
      "devDependencies": {
        "@cloudflare/workers-types": "^4.20260531.1",
        "typescript": "^6.0.3"
      }
    },
    "node_modules/@cloudflare/workers-types": {
      "version": "4.20260531.1",
      "resolved": "https://registry.npmjs.org/@cloudflare/workers-types/-/workers-types-4.20260531.1.tgz",
      "integrity": "sha512-7DybhbX12n+mVgJEDvm9W/jjqpaUIczg+RWj1Hua9nGEG+pNJnT+yZj1JKENrbdyuGWx3OFEgUCNFcGJN86Dvg==",
      "dev": true,
      "license": "MIT OR Apache-2.0"
    },
    "node_modules/typescript": {
      "version": "6.0.3",
      "resolved": "https://registry.npmjs.org/typescript/-/typescript-6.0.3.tgz",
      "integrity": "sha512-y2TvuxSZPDyQakkFRPZHKFm+KKVqIisdg9/CZwm9ftvKXLP8NRWj38/ODjNbr43SsoXqNuAisEf1GdCxqWcdBw==",
      "dev": true,
      "license": "Apache-2.0",
      "bin": {
        "tsc": "bin/tsc",
        "tsserver": "bin/tsserver"
      },
      "engines": {
        "node": ">=14.17"
      }
    }
  }
}
